
Microsoft Visual Studio Solution File, Format Version 12.00
# Visual Studio Version 16
VisualStudioVersion = 16.0.30907.101
MinimumVisualStudioVersion = 10.0.40219.1
Project("{FAE04EC0-301F-11D3-BF4B-00C04F79EFBC}") = "ReflectionSample", "ReflectionSample\ReflectionSample.csproj", "{DE65DD7D-9DAE-4102-B29C-03276742EB2B}"
EndProject
Project("{FAE04EC0-301F-11D3-BF4B-00C04F79EFBC}") = "ExecTest", "ExecTest\ExecTest.csproj", "{48CE08C3-C3F7-45C2-B764-5D0CE14B79F6}"
EndProject
Project("{FAE04EC0-301F-11D3-BF4B-00C04F79EFBC}") = "ExternalExeCall", "ExternalExeCall\ExternalExeCall.csproj", "{074D07BF-12F5-4995-B74F-9955F0B14D5E}"
EndProject
Project("{FAE04EC0-301F-11D3-BF4B-00C04F79EFBC}") = "BasicWebServerUrlParser", "BasicWebServer\BasicWebServerUrlParser.csproj", "{B6A28AAE-DA86-41D3-8A15-9B529A3AD71C}"
EndProject
Project("{9A19103F-16F7-4668-BE54-9A1E7A4F7556}") = "HTTPListener", "TD1\HTTPListener.csproj", "{652434C8-A3F1-4B2B-9B19-40C0CD816D0C}"
EndProject
Project("{9A19103F-16F7-4668-BE54-9A1E7A4F7556}") = "WebDynamic", "WebDynamic\WebDynamic.csproj", "{A6DEF6B0-F27A-4872-A910-3D64C112840D}"
EndProject
Project("{9A19103F-16F7-4668-BE54-9A1E7A4F7556}") = "MyExec", "MyExec\MyExec.csproj", "{3568D07B-9433-4A78-9F2C-0648A22C8C34}"
EndProject
Project("{FAE04EC0-301F-11D3-BF4B-00C04F79EFBC}") = "FirstSoapCalc", "FirstSoapCalc\FirstSoapCalc.csproj", "{033A3872-0029-4230-8F5C-AB75EB87BB6A}"
EndProject
Project("{E24C65DC-7377-472B-9ABA-BC803B73C61A}") = "materials", "..\webFront\materials\", "{FAE3FAA4-BE95-4DD2-93C7-AFAC2A8D36C2}"
	ProjectSection(WebsiteProperties) = preProject
		TargetFrameworkMoniker = ".NETFramework,Version%3Dv4.0"
		Debug.AspNetCompiler.VirtualPath = "/localhost_62119"
		Debug.AspNetCompiler.PhysicalPath = "..\webFront\materials\"
		Debug.AspNetCompiler.TargetPath = "PrecompiledWeb\localhost_62119\"
		Debug.AspNetCompiler.Updateable = "true"
		Debug.AspNetCompiler.ForceOverwrite = "true"
		Debug.AspNetCompiler.FixedNames = "false"
		Debug.AspNetCompiler.Debug = "True"
		Release.AspNetCompiler.VirtualPath = "/localhost_62119"
		Release.AspNetCompiler.PhysicalPath = "..\webFront\materials\"
		Release.AspNetCompiler.TargetPath = "PrecompiledWeb\localhost_62119\"
		Release.AspNetCompiler.Updateable = "true"
		Release.AspNetCompiler.ForceOverwrite = "true"
		Release.AspNetCompiler.FixedNames = "false"
		Release.AspNetCompiler.Debug = "False"
		VWDPort = "62119"
	EndProjectSection
EndProject
Global
	GlobalSection(SolutionConfigurationPlatforms) = preSolution
		Debug|Any CPU = Debug|Any CPU
		Release|Any CPU = Release|Any CPU
	EndGlobalSection
	GlobalSection(ProjectConfigurationPlatforms) = postSolution
		{DE65DD7D-9DAE-4102-B29C-03276742EB2B}.Debug|Any CPU.ActiveCfg = Debug|Any CPU
		{DE65DD7D-9DAE-4102-B29C-03276742EB2B}.Debug|Any CPU.Build.0 = Debug|Any CPU
		{DE65DD7D-9DAE-4102-B29C-03276742EB2B}.Release|Any CPU.ActiveCfg = Release|Any CPU
		{DE65DD7D-9DAE-4102-B29C-03276742EB2B}.Release|Any CPU.Build.0 = Release|Any CPU
		{48CE08C3-C3F7-45C2-B764-5D0CE14B79F6}.Debug|Any CPU.ActiveCfg = Debug|Any CPU
		{48CE08C3-C3F7-45C2-B764-5D0CE14B79F6}.Debug|Any CPU.Build.0 = Debug|Any CPU
		{48CE08C3-C3F7-45C2-B764-5D0CE14B79F6}.Release|Any CPU.ActiveCfg = Release|Any CPU
		{48CE08C3-C3F7-45C2-B764-5D0CE14B79F6}.Release|Any CPU.Build.0 = Release|Any CPU
		{074D07BF-12F5-4995-B74F-9955F0B14D5E}.Debug|Any CPU.ActiveCfg = Debug|Any CPU
		{074D07BF-12F5-4995-B74F-9955F0B14D5E}.Debug|Any CPU.Build.0 = Debug|Any CPU
		{074D07BF-12F5-4995-B74F-9955F0B14D5E}.Release|Any CPU.ActiveCfg = Release|Any CPU
		{074D07BF-12F5-4995-B74F-9955F0B14D5E}.Release|Any CPU.Build.0 = Release|Any CPU
		{B6A28AAE-DA86-41D3-8A15-9B529A3AD71C}.Debug|Any CPU.ActiveCfg = Debug|Any CPU
		{B6A28AAE-DA86-41D3-8A15-9B529A3AD71C}.Debug|Any CPU.Build.0 = Debug|Any CPU
		{B6A28AAE-DA86-41D3-8A15-9B529A3AD71C}.Release|Any CPU.ActiveCfg = Release|Any CPU
		{B6A28AAE-DA86-41D3-8A15-9B529A3AD71C}.Release|Any CPU.Build.0 = Release|Any CPU
		{652434C8-A3F1-4B2B-9B19-40C0CD816D0C}.Debug|Any CPU.ActiveCfg = Debug|Any CPU
		{652434C8-A3F1-4B2B-9B19-40C0CD816D0C}.Debug|Any CPU.Build.0 = Debug|Any CPU
		{652434C8-A3F1-4B2B-9B19-40C0CD816D0C}.Release|Any CPU.ActiveCfg = Release|Any CPU
		{652434C8-A3F1-4B2B-9B19-40C0CD816D0C}.Release|Any CPU.Build.0 = Release|Any CPU
		{A6DEF6B0-F27A-4872-A910-3D64C112840D}.Debug|Any CPU.ActiveCfg = Debug|Any CPU
		{A6DEF6B0-F27A-4872-A910-3D64C112840D}.Debug|Any CPU.Build.0 = Debug|Any CPU
		{A6DEF6B0-F27A-4872-A910-3D64C112840D}.Release|Any CPU.ActiveCfg = Release|Any CPU
		{A6DEF6B0-F27A-4872-A910-3D64C112840D}.Release|Any CPU.Build.0 = Release|Any CPU
		{3568D07B-9433-4A78-9F2C-0648A22C8C34}.Debug|Any CPU.ActiveCfg = Debug|Any CPU
		{3568D07B-9433-4A78-9F2C-0648A22C8C34}.Debug|Any CPU.Build.0 = Debug|Any CPU
		{3568D07B-9433-4A78-9F2C-0648A22C8C34}.Release|Any CPU.ActiveCfg = Release|Any CPU
		{3568D07B-9433-4A78-9F2C-0648A22C8C34}.Release|Any CPU.Build.0 = Release|Any CPU
		{033A3872-0029-4230-8F5C-AB75EB87BB6A}.Debug|Any CPU.ActiveCfg = Debug|Any CPU
		{033A3872-0029-4230-8F5C-AB75EB87BB6A}.Debug|Any CPU.Build.0 = Debug|Any CPU
		{033A3872-0029-4230-8F5C-AB75EB87BB6A}.Release|Any CPU.ActiveCfg = Release|Any CPU
		{033A3872-0029-4230-8F5C-AB75EB87BB6A}.Release|Any CPU.Build.0 = Release|Any CPU
		{FAE3FAA4-BE95-4DD2-93C7-AFAC2A8D36C2}.Debug|Any CPU.ActiveCfg = Debug|Any CPU
		{FAE3FAA4-BE95-4DD2-93C7-AFAC2A8D36C2}.Debug|Any CPU.Build.0 = Debug|Any CPU
		{FAE3FAA4-BE95-4DD2-93C7-AFAC2A8D36C2}.Release|Any CPU.ActiveCfg = Debug|Any CPU
		{FAE3FAA4-BE95-4DD2-93C7-AFAC2A8D36C2}.Release|Any CPU.Build.0 = Debug|Any CPU
	EndGlobalSection
	GlobalSection(SolutionProperties) = preSolution
		HideSolutionNode = FALSE
	EndGlobalSection
	GlobalSection(ExtensibilityGlobals) = postSolution
		SolutionGuid = {EB2F176A-128D-4176-B75A-A077013CA20D}
	EndGlobalSection
EndGlobal
